{
  "version": 4,
  "terraform_version": "1.9.4",
  "serial": 49,
  "lineage": "4f22e561-75e6-8fe5-874e-5f90ad74c8ae",
  "outputs": {
    "ecs_cluster_id": {
      "value": "arn:aws:ecs:us-east-1:233067124947:cluster/es-cluster",
      "type": "string"
    },
    "ecs_task_execution_role_arn": {
      "value": "arn:aws:iam::233067124947:role/ecs-task-execution-role",
      "type": "string"
    }
  },
  "resources": [
    {
      "mode": "data",
      "type": "terraform_remote_state",
      "name": "ecs_cluster",
      "provider": "provider[\"terraform.io/builtin/terraform\"]",
      "instances": [
        {
          "schema_version": 0,
          "attributes": {
            "backend": "s3",
            "config": {
              "value": {
                "bucket": "terraform-state-aws-es-devops-cloud-wizard-5",
                "key": "dev-cluster-ecs.tfstate",
                "region": "us-east-1"
              },
              "type": [
                "object",
                {
                  "bucket": "string",
                  "key": "string",
                  "region": "string"
                }
              ]
            },
            "defaults": null,
            "outputs": {
              "value": {
                "alb_arn": "arn:aws:elasticloadbalancing:us-east-1:233067124947:loadbalancer/app/es-alb/47932d4ee672d482",
                "sg_alb_id": "sg-09f234065a3344403"
              },
              "type": [
                "object",
                {
                  "alb_arn": "string",
                  "sg_alb_id": "string"
                }
              ]
            },
            "workspace": null
          },
          "sensitive_attributes": []
        }
      ]
    },
    {
      "mode": "data",
      "type": "terraform_remote_state",
      "name": "network",
      "provider": "provider[\"terraform.io/builtin/terraform\"]",
      "instances": [
        {
          "schema_version": 0,
          "attributes": {
            "backend": "s3",
            "config": {
              "value": {
                "bucket": "terraform-state-aws-es-devops-cloud-wizard-5",
                "key": "dev-network.tfstate",
                "region": "us-east-1"
              },
              "type": [
                "object",
                {
                  "bucket": "string",
                  "key": "string",
                  "region": "string"
                }
              ]
            },
            "defaults": null,
            "outputs": {
              "value": {
                "private_subnet_ids": [
                  "subnet-04be53e088cbf4c9c",
                  "subnet-0d13156e58ad60af6",
                  "subnet-0e0ad496be5d5d047"
                ],
                "public_subnet_ids": [
                  "subnet-01e33845f13666514",
                  "subnet-0e070543145a87bc3",
                  "subnet-02b09f3cbbd597004"
                ],
                "sg_app": {
                  "arn": "arn:aws:ec2:us-east-1:233067124947:security-group/sg-0410d2f60f5569c91",
                  "description": "App",
                  "egress": [],
                  "id": "sg-0410d2f60f5569c91",
                  "ingress": [],
                  "name": "App",
                  "name_prefix": "",
                  "owner_id": "233067124947",
                  "revoke_rules_on_delete": false,
                  "tags": {
                    "Env": "dev",
                    "ManagedBy": "terraform",
                    "Name": "es-cloud-wizard-dev-app",
                    "Project": "es-cloud-wizard"
                  },
                  "tags_all": {
                    "Env": "dev",
                    "ManagedBy": "terraform",
                    "Name": "es-cloud-wizard-dev-app",
                    "Project": "es-cloud-wizard"
                  },
                  "timeouts": null,
                  "vpc_id": "vpc-059d247f74d07f901"
                },
                "sg_es": {
                  "arn": "arn:aws:ec2:us-east-1:233067124947:security-group/sg-062c0f5199a3329cf",
                  "description": "Elasticsearch",
                  "egress": [],
                  "id": "sg-062c0f5199a3329cf",
                  "ingress": [],
                  "name": "Elasticsearch",
                  "name_prefix": "",
                  "owner_id": "233067124947",
                  "revoke_rules_on_delete": false,
                  "tags": {
                    "Env": "dev",
                    "ManagedBy": "terraform",
                    "Name": "es-cloud-wizard-dev-elasticsearch",
                    "Project": "es-cloud-wizard"
                  },
                  "tags_all": {
                    "Env": "dev",
                    "ManagedBy": "terraform",
                    "Name": "es-cloud-wizard-dev-elasticsearch",
                    "Project": "es-cloud-wizard"
                  },
                  "timeouts": null,
                  "vpc_id": "vpc-059d247f74d07f901"
                },
                "sg_management": {
                  "arn": "arn:aws:ec2:us-east-1:233067124947:security-group/sg-0bdf0c6b45896db17",
                  "description": "Management",
                  "egress": [],
                  "id": "sg-0bdf0c6b45896db17",
                  "ingress": [],
                  "name": "Management",
                  "name_prefix": "",
                  "owner_id": "233067124947",
                  "revoke_rules_on_delete": false,
                  "tags": {
                    "Env": "dev",
                    "ManagedBy": "terraform",
                    "Name": "es-cloud-wizard-dev-management",
                    "Project": "es-cloud-wizard"
                  },
                  "tags_all": {
                    "Env": "dev",
                    "ManagedBy": "terraform",
                    "Name": "es-cloud-wizard-dev-management",
                    "Project": "es-cloud-wizard"
                  },
                  "timeouts": null,
                  "vpc_id": "vpc-059d247f74d07f901"
                },
                "subnets_private": [
                  {
                    "arn": "arn:aws:ec2:us-east-1:233067124947:subnet/subnet-04be53e088cbf4c9c",
                    "assign_ipv6_address_on_creation": false,
                    "availability_zone": "us-east-1a",
                    "availability_zone_id": "use1-az4",
                    "cidr_block": "172.27.72.0/26",
                    "customer_owned_ipv4_pool": "",
                    "enable_dns64": false,
                    "enable_lni_at_device_index": 0,
                    "enable_resource_name_dns_a_record_on_launch": false,
                    "enable_resource_name_dns_aaaa_record_on_launch": false,
                    "id": "subnet-04be53e088cbf4c9c",
                    "ipv6_cidr_block": "",
                    "ipv6_cidr_block_association_id": "",
                    "ipv6_native": false,
                    "map_customer_owned_ip_on_launch": false,
                    "map_public_ip_on_launch": false,
                    "outpost_arn": "",
                    "owner_id": "233067124947",
                    "private_dns_hostname_type_on_launch": "ip-name",
                    "tags": {
                      "Env": "dev",
                      "ManagedBy": "terraform",
                      "Name": "es-cloud-wizard-dev-private-a",
                      "Project": "es-cloud-wizard"
                    },
                    "tags_all": {
                      "Env": "dev",
                      "ManagedBy": "terraform",
                      "Name": "es-cloud-wizard-dev-private-a",
                      "Project": "es-cloud-wizard"
                    },
                    "timeouts": null,
                    "vpc_id": "vpc-059d247f74d07f901"
                  },
                  {
                    "arn": "arn:aws:ec2:us-east-1:233067124947:subnet/subnet-0d13156e58ad60af6",
                    "assign_ipv6_address_on_creation": false,
                    "availability_zone": "us-east-1b",
                    "availability_zone_id": "use1-az6",
                    "cidr_block": "172.27.72.64/26",
                    "customer_owned_ipv4_pool": "",
                    "enable_dns64": false,
                    "enable_lni_at_device_index": 0,
                    "enable_resource_name_dns_a_record_on_launch": false,
                    "enable_resource_name_dns_aaaa_record_on_launch": false,
                    "id": "subnet-0d13156e58ad60af6",
                    "ipv6_cidr_block": "",
                    "ipv6_cidr_block_association_id": "",
                    "ipv6_native": false,
                    "map_customer_owned_ip_on_launch": false,
                    "map_public_ip_on_launch": false,
                    "outpost_arn": "",
                    "owner_id": "233067124947",
                    "private_dns_hostname_type_on_launch": "ip-name",
                    "tags": {
                      "Env": "dev",
                      "ManagedBy": "terraform",
                      "Name": "es-cloud-wizard-dev-private-b",
                      "Project": "es-cloud-wizard"
                    },
                    "tags_all": {
                      "Env": "dev",
                      "ManagedBy": "terraform",
                      "Name": "es-cloud-wizard-dev-private-b",
                      "Project": "es-cloud-wizard"
                    },
                    "timeouts": null,
                    "vpc_id": "vpc-059d247f74d07f901"
                  },
                  {
                    "arn": "arn:aws:ec2:us-east-1:233067124947:subnet/subnet-0e0ad496be5d5d047",
                    "assign_ipv6_address_on_creation": false,
                    "availability_zone": "us-east-1c",
                    "availability_zone_id": "use1-az1",
                    "cidr_block": "172.27.72.128/26",
                    "customer_owned_ipv4_pool": "",
                    "enable_dns64": false,
                    "enable_lni_at_device_index": 0,
                    "enable_resource_name_dns_a_record_on_launch": false,
                    "enable_resource_name_dns_aaaa_record_on_launch": false,
                    "id": "subnet-0e0ad496be5d5d047",
                    "ipv6_cidr_block": "",
                    "ipv6_cidr_block_association_id": "",
                    "ipv6_native": false,
                    "map_customer_owned_ip_on_launch": false,
                    "map_public_ip_on_launch": false,
                    "outpost_arn": "",
                    "owner_id": "233067124947",
                    "private_dns_hostname_type_on_launch": "ip-name",
                    "tags": {
                      "Env": "dev",
                      "ManagedBy": "terraform",
                      "Name": "es-cloud-wizard-dev-private-c",
                      "Project": "es-cloud-wizard"
                    },
                    "tags_all": {
                      "Env": "dev",
                      "ManagedBy": "terraform",
                      "Name": "es-cloud-wizard-dev-private-c",
                      "Project": "es-cloud-wizard"
                    },
                    "timeouts": null,
                    "vpc_id": "vpc-059d247f74d07f901"
                  }
                ],
                "subnets_public": [
                  {
                    "arn": "arn:aws:ec2:us-east-1:233067124947:subnet/subnet-01e33845f13666514",
                    "assign_ipv6_address_on_creation": false,
                    "availability_zone": "us-east-1a",
                    "availability_zone_id": "use1-az4",
                    "cidr_block": "172.27.73.0/26",
                    "customer_owned_ipv4_pool": "",
                    "enable_dns64": false,
                    "enable_lni_at_device_index": 0,
                    "enable_resource_name_dns_a_record_on_launch": false,
                    "enable_resource_name_dns_aaaa_record_on_launch": false,
                    "id": "subnet-01e33845f13666514",
                    "ipv6_cidr_block": "2600:1f18:40fb:ef00::/64",
                    "ipv6_cidr_block_association_id": "subnet-cidr-assoc-0551bf8226b683e08",
                    "ipv6_native": false,
                    "map_customer_owned_ip_on_launch": false,
                    "map_public_ip_on_launch": true,
                    "outpost_arn": "",
                    "owner_id": "233067124947",
                    "private_dns_hostname_type_on_launch": "ip-name",
                    "tags": {
                      "Env": "dev",
                      "ManagedBy": "terraform",
                      "Name": "es-cloud-wizard-dev-public-a",
                      "Project": "es-cloud-wizard"
                    },
                    "tags_all": {
                      "Env": "dev",
                      "ManagedBy": "terraform",
                      "Name": "es-cloud-wizard-dev-public-a",
                      "Project": "es-cloud-wizard"
                    },
                    "timeouts": null,
                    "vpc_id": "vpc-059d247f74d07f901"
                  },
                  {
                    "arn": "arn:aws:ec2:us-east-1:233067124947:subnet/subnet-0e070543145a87bc3",
                    "assign_ipv6_address_on_creation": false,
                    "availability_zone": "us-east-1b",
                    "availability_zone_id": "use1-az6",
                    "cidr_block": "172.27.73.64/26",
                    "customer_owned_ipv4_pool": "",
                    "enable_dns64": false,
                    "enable_lni_at_device_index": 0,
                    "enable_resource_name_dns_a_record_on_launch": false,
                    "enable_resource_name_dns_aaaa_record_on_launch": false,
                    "id": "subnet-0e070543145a87bc3",
                    "ipv6_cidr_block": "2600:1f18:40fb:ef01::/64",
                    "ipv6_cidr_block_association_id": "subnet-cidr-assoc-0ae9e13d42a59e481",
                    "ipv6_native": false,
                    "map_customer_owned_ip_on_launch": false,
                    "map_public_ip_on_launch": true,
                    "outpost_arn": "",
                    "owner_id": "233067124947",
                    "private_dns_hostname_type_on_launch": "ip-name",
                    "tags": {
                      "Env": "dev",
                      "ManagedBy": "terraform",
                      "Name": "es-cloud-wizard-dev-public-b",
                      "Project": "es-cloud-wizard"
                    },
                    "tags_all": {
                      "Env": "dev",
                      "ManagedBy": "terraform",
                      "Name": "es-cloud-wizard-dev-public-b",
                      "Project": "es-cloud-wizard"
                    },
                    "timeouts": null,
                    "vpc_id": "vpc-059d247f74d07f901"
                  },
                  {
                    "arn": "arn:aws:ec2:us-east-1:233067124947:subnet/subnet-02b09f3cbbd597004",
                    "assign_ipv6_address_on_creation": false,
                    "availability_zone": "us-east-1c",
                    "availability_zone_id": "use1-az1",
                    "cidr_block": "172.27.73.128/26",
                    "customer_owned_ipv4_pool": "",
                    "enable_dns64": false,
                    "enable_lni_at_device_index": 0,
                    "enable_resource_name_dns_a_record_on_launch": false,
                    "enable_resource_name_dns_aaaa_record_on_launch": false,
                    "id": "subnet-02b09f3cbbd597004",
                    "ipv6_cidr_block": "2600:1f18:40fb:ef02::/64",
                    "ipv6_cidr_block_association_id": "subnet-cidr-assoc-0bce7e79e6d50b1e6",
                    "ipv6_native": false,
                    "map_customer_owned_ip_on_launch": false,
                    "map_public_ip_on_launch": true,
                    "outpost_arn": "",
                    "owner_id": "233067124947",
                    "private_dns_hostname_type_on_launch": "ip-name",
                    "tags": {
                      "Env": "dev",
                      "ManagedBy": "terraform",
                      "Name": "es-cloud-wizard-dev-public-c",
                      "Project": "es-cloud-wizard"
                    },
                    "tags_all": {
                      "Env": "dev",
                      "ManagedBy": "terraform",
                      "Name": "es-cloud-wizard-dev-public-c",
                      "Project": "es-cloud-wizard"
                    },
                    "timeouts": null,
                    "vpc_id": "vpc-059d247f74d07f901"
                  }
                ],
                "vpc": {
                  "arn": "arn:aws:ec2:us-east-1:233067124947:vpc/vpc-059d247f74d07f901",
                  "assign_generated_ipv6_cidr_block": true,
                  "cidr_block": "172.27.72.0/22",
                  "default_network_acl_id": "acl-06571e6a8d5439264",
                  "default_route_table_id": "rtb-0767769a5aa0bf1eb",
                  "default_security_group_id": "sg-00447eb7d65d4feaa",
                  "dhcp_options_id": "dopt-0d2cfcd33a615bff6",
                  "enable_classiclink": false,
                  "enable_classiclink_dns_support": false,
                  "enable_dns_hostnames": true,
                  "enable_dns_support": true,
                  "enable_network_address_usage_metrics": false,
                  "id": "vpc-059d247f74d07f901",
                  "instance_tenancy": "default",
                  "ipv4_ipam_pool_id": null,
                  "ipv4_netmask_length": null,
                  "ipv6_association_id": "vpc-cidr-assoc-0dbe1de8ae5aea576",
                  "ipv6_cidr_block": "2600:1f18:40fb:ef00::/56",
                  "ipv6_cidr_block_network_border_group": "us-east-1",
                  "ipv6_ipam_pool_id": "",
                  "ipv6_netmask_length": 0,
                  "main_route_table_id": "rtb-0767769a5aa0bf1eb",
                  "owner_id": "233067124947",
                  "tags": {
                    "Env": "dev",
                    "ManagedBy": "terraform",
                    "Name": "es-cloud-wizard-dev",
                    "Project": "es-cloud-wizard"
                  },
                  "tags_all": {
                    "Env": "dev",
                    "ManagedBy": "terraform",
                    "Name": "es-cloud-wizard-dev",
                    "Project": "es-cloud-wizard"
                  }
                }
              },
              "type": [
                "object",
                {
                  "private_subnet_ids": [
                    "tuple",
                    [
                      "string",
                      "string",
                      "string"
                    ]
                  ],
                  "public_subnet_ids": [
                    "tuple",
                    [
                      "string",
                      "string",
                      "string"
                    ]
                  ],
                  "sg_app": [
                    "object",
                    {
                      "arn": "string",
                      "description": "string",
                      "egress": [
                        "set",
                        [
                          "object",
                          {
                            "cidr_blocks": [
                              "list",
                              "string"
                            ],
                            "description": "string",
                            "from_port": "number",
                            "ipv6_cidr_blocks": [
                              "list",
                              "string"
                            ],
                            "prefix_list_ids": [
                              "list",
                              "string"
                            ],
                            "protocol": "string",
                            "security_groups": [
                              "set",
                              "string"
                            ],
                            "self": "bool",
                            "to_port": "number"
                          }
                        ]
                      ],
                      "id": "string",
                      "ingress": [
                        "set",
                        [
                          "object",
                          {
                            "cidr_blocks": [
                              "list",
                              "string"
                            ],
                            "description": "string",
                            "from_port": "number",
                            "ipv6_cidr_blocks": [
                              "list",
                              "string"
                            ],
                            "prefix_list_ids": [
                              "list",
                              "string"
                            ],
                            "protocol": "string",
                            "security_groups": [
                              "set",
                              "string"
                            ],
                            "self": "bool",
                            "to_port": "number"
                          }
                        ]
                      ],
                      "name": "string",
                      "name_prefix": "string",
                      "owner_id": "string",
                      "revoke_rules_on_delete": "bool",
                      "tags": [
                        "map",
                        "string"
                      ],
                      "tags_all": [
                        "map",
                        "string"
                      ],
                      "timeouts": [
                        "object",
                        {
                          "create": "string",
                          "delete": "string"
                        }
                      ],
                      "vpc_id": "string"
                    }
                  ],
                  "sg_es": [
                    "object",
                    {
                      "arn": "string",
                      "description": "string",
                      "egress": [
                        "set",
                        [
                          "object",
                          {
                            "cidr_blocks": [
                              "list",
                              "string"
                            ],
                            "description": "string",
                            "from_port": "number",
                            "ipv6_cidr_blocks": [
                              "list",
                              "string"
                            ],
                            "prefix_list_ids": [
                              "list",
                              "string"
                            ],
                            "protocol": "string",
                            "security_groups": [
                              "set",
                              "string"
                            ],
                            "self": "bool",
                            "to_port": "number"
                          }
                        ]
                      ],
                      "id": "string",
                      "ingress": [
                        "set",
                        [
                          "object",
                          {
                            "cidr_blocks": [
                              "list",
                              "string"
                            ],
                            "description": "string",
                            "from_port": "number",
                            "ipv6_cidr_blocks": [
                              "list",
                              "string"
                            ],
                            "prefix_list_ids": [
                              "list",
                              "string"
                            ],
                            "protocol": "string",
                            "security_groups": [
                              "set",
                              "string"
                            ],
                            "self": "bool",
                            "to_port": "number"
                          }
                        ]
                      ],
                      "name": "string",
                      "name_prefix": "string",
                      "owner_id": "string",
                      "revoke_rules_on_delete": "bool",
                      "tags": [
                        "map",
                        "string"
                      ],
                      "tags_all": [
                        "map",
                        "string"
                      ],
                      "timeouts": [
                        "object",
                        {
                          "create": "string",
                          "delete": "string"
                        }
                      ],
                      "vpc_id": "string"
                    }
                  ],
                  "sg_management": [
                    "object",
                    {
                      "arn": "string",
                      "description": "string",
                      "egress": [
                        "set",
                        [
                          "object",
                          {
                            "cidr_blocks": [
                              "list",
                              "string"
                            ],
                            "description": "string",
                            "from_port": "number",
                            "ipv6_cidr_blocks": [
                              "list",
                              "string"
                            ],
                            "prefix_list_ids": [
                              "list",
                              "string"
                            ],
                            "protocol": "string",
                            "security_groups": [
                              "set",
                              "string"
                            ],
                            "self": "bool",
                            "to_port": "number"
                          }
                        ]
                      ],
                      "id": "string",
                      "ingress": [
                        "set",
                        [
                          "object",
                          {
                            "cidr_blocks": [
                              "list",
                              "string"
                            ],
                            "description": "string",
                            "from_port": "number",
                            "ipv6_cidr_blocks": [
                              "list",
                              "string"
                            ],
                            "prefix_list_ids": [
                              "list",
                              "string"
                            ],
                            "protocol": "string",
                            "security_groups": [
                              "set",
                              "string"
                            ],
                            "self": "bool",
                            "to_port": "number"
                          }
                        ]
                      ],
                      "name": "string",
                      "name_prefix": "string",
                      "owner_id": "string",
                      "revoke_rules_on_delete": "bool",
                      "tags": [
                        "map",
                        "string"
                      ],
                      "tags_all": [
                        "map",
                        "string"
                      ],
                      "timeouts": [
                        "object",
                        {
                          "create": "string",
                          "delete": "string"
                        }
                      ],
                      "vpc_id": "string"
                    }
                  ],
                  "subnets_private": [
                    "tuple",
                    [
                      [
                        "object",
                        {
                          "arn": "string",
                          "assign_ipv6_address_on_creation": "bool",
                          "availability_zone": "string",
                          "availability_zone_id": "string",
                          "cidr_block": "string",
                          "customer_owned_ipv4_pool": "string",
                          "enable_dns64": "bool",
                          "enable_lni_at_device_index": "number",
                          "enable_resource_name_dns_a_record_on_launch": "bool",
                          "enable_resource_name_dns_aaaa_record_on_launch": "bool",
                          "id": "string",
                          "ipv6_cidr_block": "string",
                          "ipv6_cidr_block_association_id": "string",
                          "ipv6_native": "bool",
                          "map_customer_owned_ip_on_launch": "bool",
                          "map_public_ip_on_launch": "bool",
                          "outpost_arn": "string",
                          "owner_id": "string",
                          "private_dns_hostname_type_on_launch": "string",
                          "tags": [
                            "map",
                            "string"
                          ],
                          "tags_all": [
                            "map",
                            "string"
                          ],
                          "timeouts": [
                            "object",
                            {
                              "create": "string",
                              "delete": "string"
                            }
                          ],
                          "vpc_id": "string"
                        }
                      ],
                      [
                        "object",
                        {
                          "arn": "string",
                          "assign_ipv6_address_on_creation": "bool",
                          "availability_zone": "string",
                          "availability_zone_id": "string",
                          "cidr_block": "string",
                          "customer_owned_ipv4_pool": "string",
                          "enable_dns64": "bool",
                          "enable_lni_at_device_index": "number",
                          "enable_resource_name_dns_a_record_on_launch": "bool",
                          "enable_resource_name_dns_aaaa_record_on_launch": "bool",
                          "id": "string",
                          "ipv6_cidr_block": "string",
                          "ipv6_cidr_block_association_id": "string",
                          "ipv6_native": "bool",
                          "map_customer_owned_ip_on_launch": "bool",
                          "map_public_ip_on_launch": "bool",
                          "outpost_arn": "string",
                          "owner_id": "string",
                          "private_dns_hostname_type_on_launch": "string",
                          "tags": [
                            "map",
                            "string"
                          ],
                          "tags_all": [
                            "map",
                            "string"
                          ],
                          "timeouts": [
                            "object",
                            {
                              "create": "string",
                              "delete": "string"
                            }
                          ],
                          "vpc_id": "string"
                        }
                      ],
                      [
                        "object",
                        {
                          "arn": "string",
                          "assign_ipv6_address_on_creation": "bool",
                          "availability_zone": "string",
                          "availability_zone_id": "string",
                          "cidr_block": "string",
                          "customer_owned_ipv4_pool": "string",
                          "enable_dns64": "bool",
                          "enable_lni_at_device_index": "number",
                          "enable_resource_name_dns_a_record_on_launch": "bool",
                          "enable_resource_name_dns_aaaa_record_on_launch": "bool",
                          "id": "string",
                          "ipv6_cidr_block": "string",
                          "ipv6_cidr_block_association_id": "string",
                          "ipv6_native": "bool",
                          "map_customer_owned_ip_on_launch": "bool",
                          "map_public_ip_on_launch": "bool",
                          "outpost_arn": "string",
                          "owner_id": "string",
                          "private_dns_hostname_type_on_launch": "string",
                          "tags": [
                            "map",
                            "string"
                          ],
                          "tags_all": [
                            "map",
                            "string"
                          ],
                          "timeouts": [
                            "object",
                            {
                              "create": "string",
                              "delete": "string"
                            }
                          ],
                          "vpc_id": "string"
                        }
                      ]
                    ]
                  ],
                  "subnets_public": [
                    "tuple",
                    [
                      [
                        "object",
                        {
                          "arn": "string",
                          "assign_ipv6_address_on_creation": "bool",
                          "availability_zone": "string",
                          "availability_zone_id": "string",
                          "cidr_block": "string",
                          "customer_owned_ipv4_pool": "string",
                          "enable_dns64": "bool",
                          "enable_lni_at_device_index": "number",
                          "enable_resource_name_dns_a_record_on_launch": "bool",
                          "enable_resource_name_dns_aaaa_record_on_launch": "bool",
                          "id": "string",
                          "ipv6_cidr_block": "string",
                          "ipv6_cidr_block_association_id": "string",
                          "ipv6_native": "bool",
                          "map_customer_owned_ip_on_launch": "bool",
                          "map_public_ip_on_launch": "bool",
                          "outpost_arn": "string",
                          "owner_id": "string",
                          "private_dns_hostname_type_on_launch": "string",
                          "tags": [
                            "map",
                            "string"
                          ],
                          "tags_all": [
                            "map",
                            "string"
                          ],
                          "timeouts": [
                            "object",
                            {
                              "create": "string",
                              "delete": "string"
                            }
                          ],
                          "vpc_id": "string"
                        }
                      ],
                      [
                        "object",
                        {
                          "arn": "string",
                          "assign_ipv6_address_on_creation": "bool",
                          "availability_zone": "string",
                          "availability_zone_id": "string",
                          "cidr_block": "string",
                          "customer_owned_ipv4_pool": "string",
                          "enable_dns64": "bool",
                          "enable_lni_at_device_index": "number",
                          "enable_resource_name_dns_a_record_on_launch": "bool",
                          "enable_resource_name_dns_aaaa_record_on_launch": "bool",
                          "id": "string",
                          "ipv6_cidr_block": "string",
                          "ipv6_cidr_block_association_id": "string",
                          "ipv6_native": "bool",
                          "map_customer_owned_ip_on_launch": "bool",
                          "map_public_ip_on_launch": "bool",
                          "outpost_arn": "string",
                          "owner_id": "string",
                          "private_dns_hostname_type_on_launch": "string",
                          "tags": [
                            "map",
                            "string"
                          ],
                          "tags_all": [
                            "map",
                            "string"
                          ],
                          "timeouts": [
                            "object",
                            {
                              "create": "string",
                              "delete": "string"
                            }
                          ],
                          "vpc_id": "string"
                        }
                      ],
                      [
                        "object",
                        {
                          "arn": "string",
                          "assign_ipv6_address_on_creation": "bool",
                          "availability_zone": "string",
                          "availability_zone_id": "string",
                          "cidr_block": "string",
                          "customer_owned_ipv4_pool": "string",
                          "enable_dns64": "bool",
                          "enable_lni_at_device_index": "number",
                          "enable_resource_name_dns_a_record_on_launch": "bool",
                          "enable_resource_name_dns_aaaa_record_on_launch": "bool",
                          "id": "string",
                          "ipv6_cidr_block": "string",
                          "ipv6_cidr_block_association_id": "string",
                          "ipv6_native": "bool",
                          "map_customer_owned_ip_on_launch": "bool",
                          "map_public_ip_on_launch": "bool",
                          "outpost_arn": "string",
                          "owner_id": "string",
                          "private_dns_hostname_type_on_launch": "string",
                          "tags": [
                            "map",
                            "string"
                          ],
                          "tags_all": [
                            "map",
                            "string"
                          ],
                          "timeouts": [
                            "object",
                            {
                              "create": "string",
                              "delete": "string"
                            }
                          ],
                          "vpc_id": "string"
                        }
                      ]
                    ]
                  ],
                  "vpc": [
                    "object",
                    {
                      "arn": "string",
                      "assign_generated_ipv6_cidr_block": "bool",
                      "cidr_block": "string",
                      "default_network_acl_id": "string",
                      "default_route_table_id": "string",
                      "default_security_group_id": "string",
                      "dhcp_options_id": "string",
                      "enable_classiclink": "bool",
                      "enable_classiclink_dns_support": "bool",
                      "enable_dns_hostnames": "bool",
                      "enable_dns_support": "bool",
                      "enable_network_address_usage_metrics": "bool",
                      "id": "string",
                      "instance_tenancy": "string",
                      "ipv4_ipam_pool_id": "string",
                      "ipv4_netmask_length": "number",
                      "ipv6_association_id": "string",
                      "ipv6_cidr_block": "string",
                      "ipv6_cidr_block_network_border_group": "string",
                      "ipv6_ipam_pool_id": "string",
                      "ipv6_netmask_length": "number",
                      "main_route_table_id": "string",
                      "owner_id": "string",
                      "tags": [
                        "map",
                        "string"
                      ],
                      "tags_all": [
                        "map",
                        "string"
                      ]
                    }
                  ]
                }
              ]
            },
            "workspace": null
          },
          "sensitive_attributes": []
        }
      ]
    },
    {
      "module": "module.ecs",
      "mode": "managed",
      "type": "aws_ecs_cluster",
      "name": "main",
      "provider": "provider[\"registry.terraform.io/hashicorp/aws\"]",
      "instances": [
        {
          "schema_version": 0,
          "attributes": {
            "arn": "arn:aws:ecs:us-east-1:233067124947:cluster/es-cluster",
            "capacity_providers": [],
            "configuration": [],
            "default_capacity_provider_strategy": [],
            "id": "arn:aws:ecs:us-east-1:233067124947:cluster/es-cluster",
            "name": "es-cluster",
            "service_connect_defaults": [],
            "setting": [
              {
                "name": "containerInsights",
                "value": "disabled"
              }
            ],
            "tags": {},
            "tags_all": {}
          },
          "sensitive_attributes": [],
          "private": "bnVsbA=="
        }
      ]
    },
    {
      "module": "module.ecs",
      "mode": "managed",
      "type": "aws_ecs_service",
      "name": "kibana_service",
      "provider": "provider[\"registry.terraform.io/hashicorp/aws\"]",
      "instances": [
        {
          "schema_version": 0,
          "attributes": {
            "alarms": [],
            "capacity_provider_strategy": [],
            "cluster": "arn:aws:ecs:us-east-1:233067124947:cluster/es-cluster",
            "deployment_circuit_breaker": [
              {
                "enable": false,
                "rollback": false
              }
            ],
            "deployment_controller": [
              {
                "type": "ECS"
              }
            ],
            "deployment_maximum_percent": 200,
            "deployment_minimum_healthy_percent": 100,
            "desired_count": 1,
            "enable_ecs_managed_tags": false,
            "enable_execute_command": false,
            "force_new_deployment": null,
            "health_check_grace_period_seconds": 0,
            "iam_role": "/aws-service-role/ecs.amazonaws.com/AWSServiceRoleForECS",
            "id": "arn:aws:ecs:us-east-1:233067124947:service/es-cluster/kibana-service",
            "launch_type": "FARGATE",
            "load_balancer": [
              {
                "container_name": "kibana",
                "container_port": 5601,
                "elb_name": "",
                "target_group_arn": "arn:aws:elasticloadbalancing:us-east-1:233067124947:targetgroup/kibana-tg/9b28c23910ab103e"
              }
            ],
            "name": "kibana-service",
            "network_configuration": [
              {
                "assign_public_ip": false,
                "security_groups": [
                  "sg-09f234065a3344403"
                ],
                "subnets": [
                  "subnet-04be53e088cbf4c9c",
                  "subnet-0d13156e58ad60af6",
                  "subnet-0e0ad496be5d5d047"
                ]
              }
            ],
            "ordered_placement_strategy": [],
            "placement_constraints": [],
            "platform_version": "LATEST",
            "propagate_tags": "NONE",
            "scheduling_strategy": "REPLICA",
            "service_connect_configuration": [],
            "service_registries": [],
            "tags": {},
            "tags_all": {},
            "task_definition": "arn:aws:ecs:us-east-1:233067124947:task-definition/V1Kibana:10",
            "timeouts": null,
            "triggers": {},
            "wait_for_steady_state": false
          },
          "sensitive_attributes": [],
          "private": "eyJlMmJmYjczMC1lY2FhLTExZTYtOGY4OC0zNDM2M2JjN2M0YzAiOnsiY3JlYXRlIjoxMjAwMDAwMDAwMDAwLCJkZWxldGUiOjEyMDAwMDAwMDAwMDAsInVwZGF0ZSI6MTIwMDAwMDAwMDAwMH19",
          "dependencies": [
            "data.terraform_remote_state.ecs_cluster",
            "data.terraform_remote_state.network",
            "module.ecs.aws_ecs_cluster.main",
            "module.ecs.aws_ecs_task_definition.kibana",
            "module.ecs.aws_lb_listener.kibana_http",
            "module.ecs.aws_lb_target_group.kibana_tg"
          ]
        }
      ]
    },
    {
      "module": "module.ecs",
      "mode": "managed",
      "type": "aws_ecs_task_definition",
      "name": "kibana",
      "provider": "provider[\"registry.terraform.io/hashicorp/aws\"]",
      "instances": [
        {
          "schema_version": 1,
          "attributes": {
            "arn": "arn:aws:ecs:us-east-1:233067124947:task-definition/V1Kibana:10",
            "arn_without_revision": "arn:aws:ecs:us-east-1:233067124947:task-definition/V1Kibana",
            "container_definitions": "[{\"cpu\":8192,\"environment\":[],\"essential\":true,\"image\":\"docker.elastic.co/kibana/kibana:8.15.0\",\"logConfiguration\":{\"logDriver\":\"awslogs\",\"options\":{\"awslogs-create-group\":\"true\",\"awslogs-group\":\"/ecs/V1Kibana\",\"awslogs-region\":\"us-east-1\",\"awslogs-stream-prefix\":\"ecs\"}},\"memory\":12288,\"memoryReservation\":10240,\"mountPoints\":[],\"name\":\"kibana\",\"portMappings\":[{\"containerPort\":5601,\"hostPort\":5601,\"protocol\":\"tcp\"},{\"containerPort\":80,\"hostPort\":80,\"protocol\":\"tcp\"},{\"containerPort\":443,\"hostPort\":443,\"protocol\":\"tcp\"}],\"systemControls\":[],\"volumesFrom\":[]}]",
            "cpu": "8192",
            "ephemeral_storage": [],
            "execution_role_arn": "arn:aws:iam::233067124947:role/ecsTaskExecutionRole",
            "family": "V1Kibana",
            "id": "V1Kibana",
            "inference_accelerator": [],
            "ipc_mode": "",
            "memory": "16384",
            "network_mode": "awsvpc",
            "pid_mode": "",
            "placement_constraints": [],
            "proxy_configuration": [],
            "requires_compatibilities": [
              "EC2",
              "FARGATE"
            ],
            "revision": 10,
            "runtime_platform": [],
            "skip_destroy": false,
            "tags": {},
            "tags_all": {},
            "task_role_arn": "arn:aws:iam::233067124947:role/ecs-task-execution-role",
            "volume": []
          },
          "sensitive_attributes": [],
          "private": "eyJzY2hlbWFfdmVyc2lvbiI6IjEifQ=="
        }
      ]
    },
    {
      "module": "module.ecs",
      "mode": "managed",
      "type": "aws_iam_role",
      "name": "Iamadminrole",
      "provider": "provider[\"registry.terraform.io/hashicorp/aws\"]",
      "instances": [
        {
          "schema_version": 0,
          "attributes": {
            "arn": "arn:aws:iam::233067124947:role/ecsTaskExecutionRole",
            "assume_role_policy": "{\"Statement\":[{\"Action\":\"sts:AssumeRole\",\"Effect\":\"Allow\",\"Principal\":{\"Service\":\"ecs-tasks.amazonaws.com\"}}],\"Version\":\"2012-10-17\"}",
            "create_date": "2024-09-11T21:51:04Z",
            "description": "",
            "force_detach_policies": false,
            "id": "ecsTaskExecutionRole",
            "inline_policy": [],
            "managed_policy_arns": [
              "arn:aws:iam::aws:policy/AdministratorAccess"
            ],
            "max_session_duration": 3600,
            "name": "ecsTaskExecutionRole",
            "name_prefix": "",
            "path": "/",
            "permissions_boundary": null,
            "role_last_used": [
              {
                "last_used_date": "",
                "region": ""
              }
            ],
            "tags": {},
            "tags_all": {},
            "unique_id": "AROATMQ7CDDJ27633W44Z"
          },
          "sensitive_attributes": [],
          "private": "bnVsbA=="
        }
      ]
    },
    {
      "module": "module.ecs",
      "mode": "managed",
      "type": "aws_iam_role",
      "name": "ecs_task_execution_role",
      "provider": "provider[\"registry.terraform.io/hashicorp/aws\"]",
      "instances": [
        {
          "schema_version": 0,
          "attributes": {
            "arn": "arn:aws:iam::233067124947:role/ecs-task-execution-role",
            "assume_role_policy": "{\"Statement\":[{\"Action\":\"sts:AssumeRole\",\"Effect\":\"Allow\",\"Principal\":{\"Service\":\"ecs-tasks.amazonaws.com\"}}],\"Version\":\"2012-10-17\"}",
            "create_date": "2024-09-11T21:51:04Z",
            "description": "",
            "force_detach_policies": false,
            "id": "ecs-task-execution-role",
            "inline_policy": [
              {
                "name": "ecs-task-execution-policy",
                "policy": "{\"Version\":\"2012-10-17\",\"Statement\":[{\"Action\":[\"ecr:GetDownloadUrlForLayer\",\"ecr:BatchGetImage\",\"logs:CreateLogStream\",\"logs:PutLogEvents\",\"secretsmanager:GetSecretValue\",\"ssm:GetParameters\"],\"Effect\":\"Allow\",\"Resource\":\"*\"},{\"Action\":[\"logs:CreateLogGroup\",\"logs:DescribeLogStreams\",\"logs:PutLogEvents\"],\"Effect\":\"Allow\",\"Resource\":\"arn:aws:logs:*:*:log-group:/ecs/prometheus:*\"}]}"
              },
              {
                "name": "ecsTaskExecutionPolicy",
                "policy": "{\"Version\":\"2012-10-17\",\"Statement\":[{\"Action\":[\"ecr:GetAuthorizationToken\",\"ecr:BatchCheckLayerAvailability\",\"ecr:GetDownloadUrlForLayer\",\"ecr:BatchGetImage\",\"logs:CreateLogStream\",\"logs:PutLogEvents\",\"ecs:UpdateService\",\"ecs:DescribeClusters\",\"ecs:DescribeTaskDefinition\",\"ecs:DescribeTasks\",\"ecs:ListTasks\",\"secretsmanager:GetSecretValue\",\"ssm:GetParameters\"],\"Effect\":\"Allow\",\"Resource\":\"*\"}]}"
              }
            ],
            "managed_policy_arns": [],
            "max_session_duration": 3600,
            "name": "ecs-task-execution-role",
            "name_prefix": "",
            "path": "/",
            "permissions_boundary": null,
            "role_last_used": [
              {
                "last_used_date": "",
                "region": ""
              }
            ],
            "tags": {},
            "tags_all": {},
            "unique_id": "AROATMQ7CDDJ4OHUQRUIS"
          },
          "sensitive_attributes": [],
          "private": "bnVsbA=="
        }
      ]
    },
    {
      "module": "module.ecs",
      "mode": "managed",
      "type": "aws_iam_role_policy",
      "name": "ecs_task_execution_policy",
      "provider": "provider[\"registry.terraform.io/hashicorp/aws\"]",
      "instances": [
        {
          "schema_version": 0,
          "attributes": {
            "id": "ecs-task-execution-role:ecs-task-execution-policy",
            "name": "ecs-task-execution-policy",
            "name_prefix": null,
            "policy": "{\"Version\":\"2012-10-17\",\"Statement\":[{\"Action\":[\"ecr:GetDownloadUrlForLayer\",\"ecr:BatchGetImage\",\"logs:CreateLogStream\",\"logs:PutLogEvents\",\"secretsmanager:GetSecretValue\",\"ssm:GetParameters\"],\"Effect\":\"Allow\",\"Resource\":\"*\"},{\"Action\":[\"logs:CreateLogGroup\",\"logs:DescribeLogStreams\",\"logs:PutLogEvents\"],\"Effect\":\"Allow\",\"Resource\":\"arn:aws:logs:*:*:log-group:/ecs/prometheus:*\"}]}",
            "role": "ecs-task-execution-role"
          },
          "sensitive_attributes": [],
          "private": "bnVsbA==",
          "dependencies": [
            "module.ecs.aws_iam_role.ecs_task_execution_role"
          ]
        }
      ]
    },
    {
      "module": "module.ecs",
      "mode": "managed",
      "type": "aws_iam_role_policy",
      "name": "ecs_task_execution_policy1",
      "provider": "provider[\"registry.terraform.io/hashicorp/aws\"]",
      "instances": [
        {
          "schema_version": 0,
          "attributes": {
            "id": "ecs-task-execution-role:ecsTaskExecutionPolicy",
            "name": "ecsTaskExecutionPolicy",
            "name_prefix": null,
            "policy": "{\"Version\":\"2012-10-17\",\"Statement\":[{\"Action\":[\"ecr:GetAuthorizationToken\",\"ecr:BatchCheckLayerAvailability\",\"ecr:GetDownloadUrlForLayer\",\"ecr:BatchGetImage\",\"logs:CreateLogStream\",\"logs:PutLogEvents\",\"ecs:UpdateService\",\"ecs:DescribeClusters\",\"ecs:DescribeTaskDefinition\",\"ecs:DescribeTasks\",\"ecs:ListTasks\",\"secretsmanager:GetSecretValue\",\"ssm:GetParameters\"],\"Effect\":\"Allow\",\"Resource\":\"*\"}]}",
            "role": "ecs-task-execution-role"
          },
          "sensitive_attributes": [],
          "private": "bnVsbA==",
          "dependencies": [
            "module.ecs.aws_iam_role.ecs_task_execution_role"
          ]
        }
      ]
    },
    {
      "module": "module.ecs",
      "mode": "managed",
      "type": "aws_iam_role_policy_attachment",
      "name": "admin_access",
      "provider": "provider[\"registry.terraform.io/hashicorp/aws\"]",
      "instances": [
        {
          "schema_version": 0,
          "attributes": {
            "id": "ecsTaskExecutionRole-20240911215105117000000001",
            "policy_arn": "arn:aws:iam::aws:policy/AdministratorAccess",
            "role": "ecsTaskExecutionRole"
          },
          "sensitive_attributes": [],
          "private": "bnVsbA==",
          "dependencies": [
            "module.ecs.aws_iam_role.Iamadminrole"
          ]
        }
      ]
    },
    {
      "module": "module.ecs",
      "mode": "managed",
      "type": "aws_lb_listener",
      "name": "kibana_http",
      "provider": "provider[\"registry.terraform.io/hashicorp/aws\"]",
      "instances": [
        {
          "schema_version": 0,
          "attributes": {
            "alpn_policy": null,
            "arn": "arn:aws:elasticloadbalancing:us-east-1:233067124947:listener/app/es-alb/47932d4ee672d482/c8958d6b207b1087",
            "certificate_arn": null,
            "default_action": [
              {
                "authenticate_cognito": [],
                "authenticate_oidc": [],
                "fixed_response": [],
                "forward": [],
                "order": 1,
                "redirect": [],
                "target_group_arn": "arn:aws:elasticloadbalancing:us-east-1:233067124947:targetgroup/kibana-tg/9b28c23910ab103e",
                "type": "forward"
              }
            ],
            "id": "arn:aws:elasticloadbalancing:us-east-1:233067124947:listener/app/es-alb/47932d4ee672d482/c8958d6b207b1087",
            "load_balancer_arn": "arn:aws:elasticloadbalancing:us-east-1:233067124947:loadbalancer/app/es-alb/47932d4ee672d482",
            "port": 5601,
            "protocol": "HTTP",
            "ssl_policy": "",
            "tags": {},
            "tags_all": {},
            "timeouts": null
          },
          "sensitive_attributes": [],
          "private": "eyJlMmJmYjczMC1lY2FhLTExZTYtOGY4OC0zNDM2M2JjN2M0YzAiOnsicmVhZCI6NjAwMDAwMDAwMDAwfX0=",
          "dependencies": [
            "data.terraform_remote_state.ecs_cluster",
            "data.terraform_remote_state.network",
            "module.ecs.aws_lb_target_group.kibana_tg"
          ]
        }
      ]
    },
    {
      "module": "module.ecs",
      "mode": "managed",
      "type": "aws_lb_target_group",
      "name": "kibana_tg",
      "provider": "provider[\"registry.terraform.io/hashicorp/aws\"]",
      "instances": [
        {
          "schema_version": 0,
          "attributes": {
            "arn": "arn:aws:elasticloadbalancing:us-east-1:233067124947:targetgroup/kibana-tg/9b28c23910ab103e",
            "arn_suffix": "targetgroup/kibana-tg/9b28c23910ab103e",
            "connection_termination": false,
            "deregistration_delay": "300",
            "health_check": [
              {
                "enabled": true,
                "healthy_threshold": 5,
                "interval": 30,
                "matcher": "200-299",
                "path": "/api/status",
                "port": "traffic-port",
                "protocol": "HTTP",
                "timeout": 5,
                "unhealthy_threshold": 2
              }
            ],
            "id": "arn:aws:elasticloadbalancing:us-east-1:233067124947:targetgroup/kibana-tg/9b28c23910ab103e",
            "ip_address_type": "ipv4",
            "lambda_multi_value_headers_enabled": false,
            "load_balancing_algorithm_type": "round_robin",
            "load_balancing_cross_zone_enabled": "use_load_balancer_configuration",
            "name": "kibana-tg",
            "name_prefix": null,
            "port": 5601,
            "preserve_client_ip": null,
            "protocol": "HTTP",
            "protocol_version": "HTTP1",
            "proxy_protocol_v2": false,
            "slow_start": 0,
            "stickiness": [
              {
                "cookie_duration": 86400,
                "cookie_name": "",
                "enabled": false,
                "type": "lb_cookie"
              }
            ],
            "tags": {},
            "tags_all": {},
            "target_failover": [
              {
                "on_deregistration": null,
                "on_unhealthy": null
              }
            ],
            "target_type": "ip",
            "vpc_id": "vpc-059d247f74d07f901"
          },
          "sensitive_attributes": [],
          "private": "bnVsbA==",
          "dependencies": [
            "data.terraform_remote_state.network"
          ]
        }
      ]
    }
  ],
  "check_results": null
}
