{
  "version": 4,
  "terraform_version": "1.9.4",
  "serial": 7,
  "lineage": "830dcdeb-536f-b15d-d66a-e3d2c8252217",
  "outputs": {
    "lock_table": {
      "value": "terraform-state-aws-es-devops-cloud-wizard-5",
      "type": "string"
    },
    "state_bucket": {
      "value": "terraform-state-aws-es-devops-cloud-wizard-5",
      "type": "string"
    }
  },
  "resources": [
    {
      "module": "module.pre_init",
      "mode": "managed",
      "type": "aws_dynamodb_table",
      "name": "lock",
      "provider": "provider[\"registry.terraform.io/hashicorp/aws\"]",
      "instances": [
        {
          "schema_version": 1,
          "attributes": {
            "arn": "arn:aws:dynamodb:us-east-1:233067124947:table/terraform-state-aws-es-devops-cloud-wizard-5",
            "attribute": [
              {
                "name": "LockID",
                "type": "S"
              }
            ],
            "billing_mode": "PAY_PER_REQUEST",
            "deletion_protection_enabled": false,
            "global_secondary_index": [],
            "hash_key": "LockID",
            "id": "terraform-state-aws-es-devops-cloud-wizard-5",
            "local_secondary_index": [],
            "name": "terraform-state-aws-es-devops-cloud-wizard-5",
            "point_in_time_recovery": [
              {
                "enabled": false
              }
            ],
            "range_key": null,
            "read_capacity": 0,
            "replica": [],
            "restore_date_time": null,
            "restore_source_name": null,
            "restore_to_latest_time": null,
            "server_side_encryption": [
              {
                "enabled": true,
                "kms_key_arn": ""
              }
            ],
            "stream_arn": "",
            "stream_enabled": false,
            "stream_label": "",
            "stream_view_type": "",
            "table_class": "STANDARD",
            "tags": {
              "Env": "dev",
              "ManagedBy": "pre-init",
              "Project": "es-cloud-wizard"
            },
            "tags_all": {
              "Env": "dev",
              "ManagedBy": "pre-init",
              "Project": "es-cloud-wizard"
            },
            "timeouts": null,
            "ttl": [
              {
                "attribute_name": "",
                "enabled": false
              }
            ],
            "write_capacity": 0
          },
          "sensitive_attributes": [],
          "private": "eyJlMmJmYjczMC1lY2FhLTExZTYtOGY4OC0zNDM2M2JjN2M0YzAiOnsiY3JlYXRlIjoxODAwMDAwMDAwMDAwLCJkZWxldGUiOjYwMDAwMDAwMDAwMCwidXBkYXRlIjozNjAwMDAwMDAwMDAwfSwic2NoZW1hX3ZlcnNpb24iOiIxIn0="
        }
      ]
    },
    {
      "module": "module.pre_init",
      "mode": "managed",
      "type": "aws_s3_bucket",
      "name": "state",
      "provider": "provider[\"registry.terraform.io/hashicorp/aws\"]",
      "instances": [
        {
          "schema_version": 0,
          "attributes": {
            "acceleration_status": "",
            "acl": null,
            "arn": "arn:aws:s3:::terraform-state-aws-es-devops-cloud-wizard-5",
            "bucket": "terraform-state-aws-es-devops-cloud-wizard-5",
            "bucket_domain_name": "terraform-state-aws-es-devops-cloud-wizard-5.s3.amazonaws.com",
            "bucket_prefix": "",
            "bucket_regional_domain_name": "terraform-state-aws-es-devops-cloud-wizard-5.s3.amazonaws.com",
            "cors_rule": [],
            "force_destroy": false,
            "grant": [
              {
                "id": "4ed6ac918283551045d6aa3eea88ab6f6968a2dea9fbdeeb6a65859d6ec2fb9f",
                "permissions": [
                  "FULL_CONTROL"
                ],
                "type": "CanonicalUser",
                "uri": ""
              }
            ],
            "hosted_zone_id": "Z3AQBSTGFYJSTF",
            "id": "terraform-state-aws-es-devops-cloud-wizard-5",
            "lifecycle_rule": [],
            "logging": [],
            "object_lock_configuration": [],
            "object_lock_enabled": false,
            "policy": "",
            "region": "us-east-1",
            "replication_configuration": [],
            "request_payer": "BucketOwner",
            "server_side_encryption_configuration": [
              {
                "rule": [
                  {
                    "apply_server_side_encryption_by_default": [
                      {
                        "kms_master_key_id": "",
                        "sse_algorithm": "AES256"
                      }
                    ],
                    "bucket_key_enabled": false
                  }
                ]
              }
            ],
            "tags": {
              "Env": "dev",
              "ManagedBy": "pre-init",
              "Project": "es-cloud-wizard"
            },
            "tags_all": {
              "Env": "dev",
              "ManagedBy": "pre-init",
              "Project": "es-cloud-wizard"
            },
            "timeouts": null,
            "versioning": [
              {
                "enabled": false,
                "mfa_delete": false
              }
            ],
            "website": [],
            "website_domain": null,
            "website_endpoint": null
          },
          "sensitive_attributes": [],
          "private": "eyJlMmJmYjczMC1lY2FhLTExZTYtOGY4OC0zNDM2M2JjN2M0YzAiOnsiY3JlYXRlIjoxMjAwMDAwMDAwMDAwLCJkZWxldGUiOjM2MDAwMDAwMDAwMDAsInJlYWQiOjEyMDAwMDAwMDAwMDAsInVwZGF0ZSI6MTIwMDAwMDAwMDAwMH19"
        }
      ]
    },
    {
      "module": "module.pre_init",
      "mode": "managed",
      "type": "aws_s3_bucket_server_side_encryption_configuration",
      "name": "state",
      "provider": "provider[\"registry.terraform.io/hashicorp/aws\"]",
      "instances": [
        {
          "schema_version": 0,
          "attributes": {
            "bucket": "terraform-state-aws-es-devops-cloud-wizard-5",
            "expected_bucket_owner": "",
            "id": "terraform-state-aws-es-devops-cloud-wizard-5",
            "rule": [
              {
                "apply_server_side_encryption_by_default": [
                  {
                    "kms_master_key_id": "",
                    "sse_algorithm": "AES256"
                  }
                ],
                "bucket_key_enabled": null
              }
            ]
          },
          "sensitive_attributes": [],
          "private": "bnVsbA==",
          "dependencies": [
            "module.pre_init.aws_s3_bucket.state"
          ]
        }
      ]
    },
    {
      "module": "module.pre_init",
      "mode": "managed",
      "type": "aws_s3_bucket_versioning",
      "name": "state",
      "provider": "provider[\"registry.terraform.io/hashicorp/aws\"]",
      "instances": [
        {
          "schema_version": 0,
          "attributes": {
            "bucket": "terraform-state-aws-es-devops-cloud-wizard-5",
            "expected_bucket_owner": "",
            "id": "terraform-state-aws-es-devops-cloud-wizard-5",
            "mfa": null,
            "versioning_configuration": [
              {
                "mfa_delete": "",
                "status": "Enabled"
              }
            ]
          },
          "sensitive_attributes": [],
          "private": "bnVsbA==",
          "dependencies": [
            "module.pre_init.aws_s3_bucket.state"
          ]
        }
      ]
    }
  ],
  "check_results": null
}
